schema: '2.0'
stages:
  train:
    cmd: python train.py
    deps:
    - path: data/raw
      hash: md5
      md5: c82e35da176889ad670ab7ff89d9425f.dir
      size: 138785
      nfiles: 3
    - path: train.py
      hash: md5
      md5: 6cf27e520fd2b454e48b2895b619ec2b
      size: 3239
    params:
      params.yaml:
        base:
          random_seed: 42
          ticker: NVDA
        train:
          epochs: 10
          lr: 0.001
          batch_size: 8
    outs:
    - path: models/model.pth
      hash: md5
      md5: 8e45f03eec91bc4aa7a222fa2048b16e
      size: 3386438
